
Microsoft Visual Studio Solution File, Format Version 12.00
# Visual Studio Version 16
VisualStudioVersion = 16.0.30804.86
MinimumVisualStudioVersion = 10.0.40219.1
Project("{9A19103F-16F7-4668-BE54-9A1E7A4F7556}") = "Polyclinic.Web", "Polyclinic.Web.csproj", "{D307A38D-09C8-411D-B62F-E657DDA59CDA}"
EndProject
Project("{9A19103F-16F7-4668-BE54-9A1E7A4F7556}") = "Polyclinic.DAL.Entities", "..\Polyclinic.DAL.Entities\Polyclinic.DAL.Entities.csproj", "{0A13C95C-4CEF-4425-91E9-32926D44108B}"
EndProject
Project("{9A19103F-16F7-4668-BE54-9A1E7A4F7556}") = "Polyclinic.DAL.Implementation", "..\Polyclinic.DAL.Implementation\Polyclinic.DAL.Implementation.csproj", "{9AA38372-8396-4A1F-B52D-2704B8B92EEF}"
EndProject
Project("{9A19103F-16F7-4668-BE54-9A1E7A4F7556}") = "Polyclinic.DAL.Interfaces", "..\Polyclinic.DAL.Interfaces\Polyclinic.DAL.Interfaces.csproj", "{1D4BD5E2-7120-4195-8487-B08B58E68A4B}"
EndProject
Project("{9A19103F-16F7-4668-BE54-9A1E7A4F7556}") = "Polyclinic.BLL.Entities", "..\Polyclinic.BLL.Entities\Polyclinic.BLL.Entities.csproj", "{1FBF5B80-B417-48CB-A41F-1129794765FB}"
EndProject
Project("{9A19103F-16F7-4668-BE54-9A1E7A4F7556}") = "Polyclinic.BLL.Interfaces", "..\Polyclinic.BLL.Interfaces\Polyclinic.BLL.Interfaces.csproj", "{CA76A1C0-DD87-44FD-ADA6-F0EEF6EEC25E}"
EndProject
Project("{9A19103F-16F7-4668-BE54-9A1E7A4F7556}") = "Polyclinic.BLL.Implementation", "..\Polyclinic.BLL.Implementation\Polyclinic.BLL.Implementation.csproj", "{96626313-0C6F-4C7C-93A5-E1D88A9E6B32}"
EndProject
Project("{9A19103F-16F7-4668-BE54-9A1E7A4F7556}") = "Polyclinic.Infrastructure", "..\Polyclinic.Infrastructure\Polyclinic.Infrastructure.csproj", "{4D0FD3DA-EADA-409E-BFDD-A03C29426CDD}"
EndProject
Project("{2150E333-8FDC-42A3-9474-1A3956D46DE8}") = "DAL", "DAL", "{6A1D80BB-7C63-4AB9-867C-CD1D4F2B52D1}"
EndProject
Project("{2150E333-8FDC-42A3-9474-1A3956D46DE8}") = "BLL", "BLL", "{4E3287C4-FDE2-47BA-A6EA-FA47766BC351}"
EndProject
Global
	GlobalSection(SolutionConfigurationPlatforms) = preSolution
		Debug|Any CPU = Debug|Any CPU
		Release|Any CPU = Release|Any CPU
	EndGlobalSection
	GlobalSection(ProjectConfigurationPlatforms) = postSolution
		{D307A38D-09C8-411D-B62F-E657DDA59CDA}.Debug|Any CPU.ActiveCfg = Debug|Any CPU
		{D307A38D-09C8-411D-B62F-E657DDA59CDA}.Debug|Any CPU.Build.0 = Debug|Any CPU
		{D307A38D-09C8-411D-B62F-E657DDA59CDA}.Release|Any CPU.ActiveCfg = Release|Any CPU
		{D307A38D-09C8-411D-B62F-E657DDA59CDA}.Release|Any CPU.Build.0 = Release|Any CPU
		{0A13C95C-4CEF-4425-91E9-32926D44108B}.Debug|Any CPU.ActiveCfg = Debug|Any CPU
		{0A13C95C-4CEF-4425-91E9-32926D44108B}.Debug|Any CPU.Build.0 = Debug|Any CPU
		{0A13C95C-4CEF-4425-91E9-32926D44108B}.Release|Any CPU.ActiveCfg = Release|Any CPU
		{0A13C95C-4CEF-4425-91E9-32926D44108B}.Release|Any CPU.Build.0 = Release|Any CPU
		{9AA38372-8396-4A1F-B52D-2704B8B92EEF}.Debug|Any CPU.ActiveCfg = Debug|Any CPU
		{9AA38372-8396-4A1F-B52D-2704B8B92EEF}.Debug|Any CPU.Build.0 = Debug|Any CPU
		{9AA38372-8396-4A1F-B52D-2704B8B92EEF}.Release|Any CPU.ActiveCfg = Release|Any CPU
		{9AA38372-8396-4A1F-B52D-2704B8B92EEF}.Release|Any CPU.Build.0 = Release|Any CPU
		{1D4BD5E2-7120-4195-8487-B08B58E68A4B}.Debug|Any CPU.ActiveCfg = Debug|Any CPU
		{1D4BD5E2-7120-4195-8487-B08B58E68A4B}.Debug|Any CPU.Build.0 = Debug|Any CPU
		{1D4BD5E2-7120-4195-8487-B08B58E68A4B}.Release|Any CPU.ActiveCfg = Release|Any CPU
		{1D4BD5E2-7120-4195-8487-B08B58E68A4B}.Release|Any CPU.Build.0 = Release|Any CPU
		{1FBF5B80-B417-48CB-A41F-1129794765FB}.Debug|Any CPU.ActiveCfg = Debug|Any CPU
		{1FBF5B80-B417-48CB-A41F-1129794765FB}.Debug|Any CPU.Build.0 = Debug|Any CPU
		{1FBF5B80-B417-48CB-A41F-1129794765FB}.Release|Any CPU.ActiveCfg = Release|Any CPU
		{1FBF5B80-B417-48CB-A41F-1129794765FB}.Release|Any CPU.Build.0 = Release|Any CPU
		{CA76A1C0-DD87-44FD-ADA6-F0EEF6EEC25E}.Debug|Any CPU.ActiveCfg = Debug|Any CPU
		{CA76A1C0-DD87-44FD-ADA6-F0EEF6EEC25E}.Debug|Any CPU.Build.0 = Debug|Any CPU
		{CA76A1C0-DD87-44FD-ADA6-F0EEF6EEC25E}.Release|Any CPU.ActiveCfg = Release|Any CPU
		{CA76A1C0-DD87-44FD-ADA6-F0EEF6EEC25E}.Release|Any CPU.Build.0 = Release|Any CPU
		{96626313-0C6F-4C7C-93A5-E1D88A9E6B32}.Debug|Any CPU.ActiveCfg = Debug|Any CPU
		{96626313-0C6F-4C7C-93A5-E1D88A9E6B32}.Debug|Any CPU.Build.0 = Debug|Any CPU
		{96626313-0C6F-4C7C-93A5-E1D88A9E6B32}.Release|Any CPU.ActiveCfg = Release|Any CPU
		{96626313-0C6F-4C7C-93A5-E1D88A9E6B32}.Release|Any CPU.Build.0 = Release|Any CPU
		{4D0FD3DA-EADA-409E-BFDD-A03C29426CDD}.Debug|Any CPU.ActiveCfg = Debug|Any CPU
		{4D0FD3DA-EADA-409E-BFDD-A03C29426CDD}.Debug|Any CPU.Build.0 = Debug|Any CPU
		{4D0FD3DA-EADA-409E-BFDD-A03C29426CDD}.Release|Any CPU.ActiveCfg = Release|Any CPU
		{4D0FD3DA-EADA-409E-BFDD-A03C29426CDD}.Release|Any CPU.Build.0 = Release|Any CPU
	EndGlobalSection
	GlobalSection(SolutionProperties) = preSolution
		HideSolutionNode = FALSE
	EndGlobalSection
	GlobalSection(NestedProjects) = preSolution
		{0A13C95C-4CEF-4425-91E9-32926D44108B} = {6A1D80BB-7C63-4AB9-867C-CD1D4F2B52D1}
		{9AA38372-8396-4A1F-B52D-2704B8B92EEF} = {6A1D80BB-7C63-4AB9-867C-CD1D4F2B52D1}
		{1D4BD5E2-7120-4195-8487-B08B58E68A4B} = {6A1D80BB-7C63-4AB9-867C-CD1D4F2B52D1}
		{1FBF5B80-B417-48CB-A41F-1129794765FB} = {4E3287C4-FDE2-47BA-A6EA-FA47766BC351}
		{CA76A1C0-DD87-44FD-ADA6-F0EEF6EEC25E} = {4E3287C4-FDE2-47BA-A6EA-FA47766BC351}
		{96626313-0C6F-4C7C-93A5-E1D88A9E6B32} = {4E3287C4-FDE2-47BA-A6EA-FA47766BC351}
	EndGlobalSection
	GlobalSection(ExtensibilityGlobals) = postSolution
		SolutionGuid = {7ABAF0F6-65E9-4E2F-8FB9-48359B42B672}
	EndGlobalSection
EndGlobal
